
Microsoft Visual Studio Solution File, Format Version 12.00
# Visual Studio Version 16
VisualStudioVersion = 16.0.29009.5
MinimumVisualStudioVersion = 10.0.40219.1
Project("{FAE04EC0-301F-11D3-BF4B-00C04F79EFBC}") = "SOPWeb", "SOPWeb\SOPWeb.csproj", "{E51EEA5C-4676-4E05-AC32-0C088A48389E}"
EndProject
Project("{FAE04EC0-301F-11D3-BF4B-00C04F79EFBC}") = "SOPModel", "SOPModel\SOPModel.csproj", "{8A08861C-2D96-4A30-8F82-AF26FD6DA05F}"
EndProject
Global
	GlobalSection(SolutionConfigurationPlatforms) = preSolution
		Debug|Any CPU = Debug|Any CPU
		Release|Any CPU = Release|Any CPU
	EndGlobalSection
	GlobalSection(ProjectConfigurationPlatforms) = postSolution
		{E51EEA5C-4676-4E05-AC32-0C088A48389E}.Debug|Any CPU.ActiveCfg = Debug|Any CPU
		{E51EEA5C-4676-4E05-AC32-0C088A48389E}.Debug|Any CPU.Build.0 = Debug|Any CPU
		{E51EEA5C-4676-4E05-AC32-0C088A48389E}.Release|Any CPU.ActiveCfg = Release|Any CPU
		{E51EEA5C-4676-4E05-AC32-0C088A48389E}.Release|Any CPU.Build.0 = Release|Any CPU
		{8A08861C-2D96-4A30-8F82-AF26FD6DA05F}.Debug|Any CPU.ActiveCfg = Debug|Any CPU
		{8A08861C-2D96-4A30-8F82-AF26FD6DA05F}.Debug|Any CPU.Build.0 = Debug|Any CPU
		{8A08861C-2D96-4A30-8F82-AF26FD6DA05F}.Release|Any CPU.ActiveCfg = Release|Any CPU
		{8A08861C-2D96-4A30-8F82-AF26FD6DA05F}.Release|Any CPU.Build.0 = Release|Any CPU
	EndGlobalSection
	GlobalSection(SolutionProperties) = preSolution
		HideSolutionNode = FALSE
	EndGlobalSection
	GlobalSection(ExtensibilityGlobals) = postSolution
		SolutionGuid = {DE977993-5D24-4794-B31D-614B3972AD8C}
	EndGlobalSection
EndGlobal
